
Microsoft Visual Studio Solution File, Format Version 12.00
# Visual Studio Version 17
VisualStudioVersion = 17.11.35312.102
MinimumVisualStudioVersion = 10.0.40219.1
Project("{FAE04EC0-301F-11D3-BF4B-00C04F79EFBC}") = "FlightBookingSystem", "FlightBookingSystem\FlightBookingSystem.csproj", "{6DB5FC13-B1C4-4B13-A6A5-5CA84D8D2728}"
EndProject
Global
	GlobalSection(SolutionConfigurationPlatforms) = preSolution
		Debug|Any CPU = Debug|Any CPU
		Release|Any CPU = Release|Any CPU
	EndGlobalSection
	GlobalSection(ProjectConfigurationPlatforms) = postSolution
		{6DB5FC13-B1C4-4B13-A6A5-5CA84D8D2728}.Debug|Any CPU.ActiveCfg = Debug|Any CPU
		{6DB5FC13-B1C4-4B13-A6A5-5CA84D8D2728}.Debug|Any CPU.Build.0 = Debug|Any CPU
		{6DB5FC13-B1C4-4B13-A6A5-5CA84D8D2728}.Release|Any CPU.ActiveCfg = Release|Any CPU
		{6DB5FC13-B1C4-4B13-A6A5-5CA84D8D2728}.Release|Any CPU.Build.0 = Release|Any CPU
	EndGlobalSection
	GlobalSection(SolutionProperties) = preSolution
		HideSolutionNode = FALSE
	EndGlobalSection
	GlobalSection(ExtensibilityGlobals) = postSolution
		SolutionGuid = {F3584B95-5DB9-4A9D-BA6F-DD96A55705AD}
	EndGlobalSection
EndGlobal
